// !$*UTF8*$!
{
	archiveVersion = 1;
	classes = {
	};
	objectVersion = 51;
	objects = {

/* Begin PBXBuildFile section */
		0BF638B1B5443214464D979A /* Pods_Quiz_Me.framework in Frameworks */ = {isa = PBXBuildFile; fileRef = 57AE4AA19F6776F4621F1ADB /* Pods_Quiz_Me.framework */; };
		B308FC8A26DE9402003F27C9 /* SignInViewController.swift in Sources */ = {isa = PBXBuildFile; fileRef = B308FC8926DE9402003F27C9 /* SignInViewController.swift */; };
		B308FC8C26DEA0D3003F27C9 /* SignUpViewController.swift in Sources */ = {isa = PBXBuildFile; fileRef = B308FC8B26DEA0D3003F27C9 /* SignUpViewController.swift */; };
		B3127CB826F4E9C9006EE202 /* CreateScreenViewController.swift in Sources */ = {isa = PBXBuildFile; fileRef = B3127CB726F4E9C9006EE202 /* CreateScreenViewController.swift */; };
		B31A6AE226DD7F90001AE48A /* AppDelegate.swift in Sources */ = {isa = PBXBuildFile; fileRef = B31A6AE126DD7F90001AE48A /* AppDelegate.swift */; };
		B31A6AE426DD7F90001AE48A /* SceneDelegate.swift in Sources */ = {isa = PBXBuildFile; fileRef = B31A6AE326DD7F90001AE48A /* SceneDelegate.swift */; };
		B31A6AE626DD7F90001AE48A /* ViewController.swift in Sources */ = {isa = PBXBuildFile; fileRef = B31A6AE526DD7F90001AE48A /* ViewController.swift */; };
		B31A6AE926DD7F90001AE48A /* Main.storyboard in Resources */ = {isa = PBXBuildFile; fileRef = B31A6AE726DD7F90001AE48A /* Main.storyboard */; };
		B31A6AEB26DD7F91001AE48A /* Assets.xcassets in Resources */ = {isa = PBXBuildFile; fileRef = B31A6AEA26DD7F91001AE48A /* Assets.xcassets */; };
		B31A6AEE26DD7F91001AE48A /* LaunchScreen.storyboard in Resources */ = {isa = PBXBuildFile; fileRef = B31A6AEC26DD7F91001AE48A /* LaunchScreen.storyboard */; };
		B31A6AF626DD8311001AE48A /* BrowseViewController.swift in Sources */ = {isa = PBXBuildFile; fileRef = B31A6AF526DD8311001AE48A /* BrowseViewController.swift */; };
		B31A6AF826DD8902001AE48A /* QuizViewController.swift in Sources */ = {isa = PBXBuildFile; fileRef = B31A6AF726DD8902001AE48A /* QuizViewController.swift */; };
		B31A6AFA26DD9BB4001AE48A /* QuizQuestionController.swift in Sources */ = {isa = PBXBuildFile; fileRef = B31A6AF926DD9BB4001AE48A /* QuizQuestionController.swift */; };
		B31A6AFC26DDA39A001AE48A /* ResultsViewController.swift in Sources */ = {isa = PBXBuildFile; fileRef = B31A6AFB26DDA39A001AE48A /* ResultsViewController.swift */; };
		B31A6AFE26DE84C0001AE48A /* GoogleService-Info.plist in Resources */ = {isa = PBXBuildFile; fileRef = B31A6AFD26DE84C0001AE48A /* GoogleService-Info.plist */; };
/* End PBXBuildFile section */

/* Begin PBXFileReference section */
		55D32C324D65FBF72CE8EACD /* Pods-Quiz-Me.release.xcconfig */ = {isa = PBXFileReference; includeInIndex = 1; lastKnownFileType = text.xcconfig; name = "Pods-Quiz-Me.release.xcconfig"; path = "Target Support Files/Pods-Quiz-Me/Pods-Quiz-Me.release.xcconfig"; sourceTree = "<group>"; };
		57AE4AA19F6776F4621F1ADB /* Pods_Quiz_Me.framework */ = {isa = PBXFileReference; explicitFileType = wrapper.framework; includeInIndex = 0; path = Pods_Quiz_Me.framework; sourceTree = BUILT_PRODUCTS_DIR; };
		B02F6FF8AFE7B1917E4AF3E3 /* Pods-Quiz-Me.debug.xcconfig */ = {isa = PBXFileReference; includeInIndex = 1; lastKnownFileType = text.xcconfig; name = "Pods-Quiz-Me.debug.xcconfig"; path = "Target Support Files/Pods-Quiz-Me/Pods-Quiz-Me.debug.xcconfig"; sourceTree = "<group>"; };
		B308FC8926DE9402003F27C9 /* SignInViewController.swift */ = {isa = PBXFileReference; lastKnownFileType = sourcecode.swift; path = SignInViewController.swift; sourceTree = "<group>"; };
		B308FC8B26DEA0D3003F27C9 /* SignUpViewController.swift */ = {isa = PBXFileReference; lastKnownFileType = sourcecode.swift; path = SignUpViewController.swift; sourceTree = "<group>"; };
		B3127CB726F4E9C9006EE202 /* CreateScreenViewController.swift */ = {isa = PBXFileReference; lastKnownFileType = sourcecode.swift; path = CreateScreenViewController.swift; sourceTree = "<group>"; };
		B31A6ADE26DD7F90001AE48A /* Quiz-Me.app */ = {isa = PBXFileReference; explicitFileType = wrapper.application; includeInIndex = 0; path = "Quiz-Me.app"; sourceTree = BUILT_PRODUCTS_DIR; };
		B31A6AE126DD7F90001AE48A /* AppDelegate.swift */ = {isa = PBXFileReference; lastKnownFileType = sourcecode.swift; path = AppDelegate.swift; sourceTree = "<group>"; };
		B31A6AE326DD7F90001AE48A /* SceneDelegate.swift */ = {isa = PBXFileReference; lastKnownFileType = sourcecode.swift; path = SceneDelegate.swift; sourceTree = "<group>"; };
		B31A6AE526DD7F90001AE48A /* ViewController.swift */ = {isa = PBXFileReference; lastKnownFileType = sourcecode.swift; path = ViewController.swift; sourceTree = "<group>"; };
		B31A6AE826DD7F90001AE48A /* Base */ = {isa = PBXFileReference; lastKnownFileType = file.storyboard; name = Base; path = Base.lproj/Main.storyboard; sourceTree = "<group>"; };
		B31A6AEA26DD7F91001AE48A /* Assets.xcassets */ = {isa = PBXFileReference; lastKnownFileType = folder.assetcatalog; path = Assets.xcassets; sourceTree = "<group>"; };
		B31A6AED26DD7F91001AE48A /* Base */ = {isa = PBXFileReference; lastKnownFileType = file.storyboard; name = Base; path = Base.lproj/LaunchScreen.storyboard; sourceTree = "<group>"; };
		B31A6AEF26DD7F91001AE48A /* Info.plist */ = {isa = PBXFileReference; lastKnownFileType = text.plist.xml; path = Info.plist; sourceTree = "<group>"; };
		B31A6AF526DD8311001AE48A /* BrowseViewController.swift */ = {isa = PBXFileReference; lastKnownFileType = sourcecode.swift; path = BrowseViewController.swift; sourceTree = "<group>"; };
		B31A6AF726DD8902001AE48A /* QuizViewController.swift */ = {isa = PBXFileReference; lastKnownFileType = sourcecode.swift; path = QuizViewController.swift; sourceTree = "<group>"; };
		B31A6AF926DD9BB4001AE48A /* QuizQuestionController.swift */ = {isa = PBXFileReference; lastKnownFileType = sourcecode.swift; path = QuizQuestionController.swift; sourceTree = "<group>"; };
		B31A6AFB26DDA39A001AE48A /* ResultsViewController.swift */ = {isa = PBXFileReference; lastKnownFileType = sourcecode.swift; path = ResultsViewController.swift; sourceTree = "<group>"; };
		B31A6AFD26DE84C0001AE48A /* GoogleService-Info.plist */ = {isa = PBXFileReference; fileEncoding = 4; lastKnownFileType = text.plist.xml; name = "GoogleService-Info.plist"; path = "../../../Downloads/GoogleService-Info.plist"; sourceTree = "<group>"; };
/* End PBXFileReference section */

/* Begin PBXFrameworksBuildPhase section */
		B31A6ADB26DD7F90001AE48A /* Frameworks */ = {
			isa = PBXFrameworksBuildPhase;
			buildActionMask = 2147483647;
			files = (
				0BF638B1B5443214464D979A /* Pods_Quiz_Me.framework in Frameworks */,
			);
			runOnlyForDeploymentPostprocessing = 0;
		};
/* End PBXFrameworksBuildPhase section */

/* Begin PBXGroup section */
		75DE206A7715CA0EEB033B51 /* Frameworks */ = {
			isa = PBXGroup;
			children = (
				57AE4AA19F6776F4621F1ADB /* Pods_Quiz_Me.framework */,
			);
			name = Frameworks;
			sourceTree = "<group>";
		};
		B31A6AD526DD7F8F001AE48A = {
			isa = PBXGroup;
			children = (
				B31A6AE026DD7F90001AE48A /* Quiz-Me */,
				B31A6ADF26DD7F90001AE48A /* Products */,
				C183FD45FC8193CF196A2BBD /* Pods */,
				75DE206A7715CA0EEB033B51 /* Frameworks */,
			);
			sourceTree = "<group>";
		};
		B31A6ADF26DD7F90001AE48A /* Products */ = {
			isa = PBXGroup;
			children = (
				B31A6ADE26DD7F90001AE48A /* Quiz-Me.app */,
			);
			name = Products;
			sourceTree = "<group>";
		};
		B31A6AE026DD7F90001AE48A /* Quiz-Me */ = {
			isa = PBXGroup;
			children = (
				B31A6AFB26DDA39A001AE48A /* ResultsViewController.swift */,
				B31A6AE126DD7F90001AE48A /* AppDelegate.swift */,
				B31A6AE326DD7F90001AE48A /* SceneDelegate.swift */,
				B31A6AE526DD7F90001AE48A /* ViewController.swift */,
				B31A6AE726DD7F90001AE48A /* Main.storyboard */,
				B3127CB726F4E9C9006EE202 /* CreateScreenViewController.swift */,
				B308FC8B26DEA0D3003F27C9 /* SignUpViewController.swift */,
				B308FC8926DE9402003F27C9 /* SignInViewController.swift */,
				B31A6AF926DD9BB4001AE48A /* QuizQuestionController.swift */,
				B31A6AF726DD8902001AE48A /* QuizViewController.swift */,
				B31A6AF526DD8311001AE48A /* BrowseViewController.swift */,
				B31A6AEA26DD7F91001AE48A /* Assets.xcassets */,
				B31A6AEC26DD7F91001AE48A /* LaunchScreen.storyboard */,
				B31A6AEF26DD7F91001AE48A /* Info.plist */,
				B31A6AFD26DE84C0001AE48A /* GoogleService-Info.plist */,
			);
			path = "Quiz-Me";
			sourceTree = "<group>";
		};
		C183FD45FC8193CF196A2BBD /* Pods */ = {
			isa = PBXGroup;
			children = (
				B02F6FF8AFE7B1917E4AF3E3 /* Pods-Quiz-Me.debug.xcconfig */,
				55D32C324D65FBF72CE8EACD /* Pods-Quiz-Me.release.xcconfig */,
			);
			path = Pods;
			sourceTree = "<group>";
		};
/* End PBXGroup section */

/* Begin PBXNativeTarget section */
		B31A6ADD26DD7F90001AE48A /* Quiz-Me */ = {
			isa = PBXNativeTarget;
			buildConfigurationList = B31A6AF226DD7F91001AE48A /* Build configuration list for PBXNativeTarget "Quiz-Me" */;
			buildPhases = (
				702A7C49A4660AA51B7543BA /* [CP] Check Pods Manifest.lock */,
				B31A6ADA26DD7F90001AE48A /* Sources */,
				B31A6ADB26DD7F90001AE48A /* Frameworks */,
				B31A6ADC26DD7F90001AE48A /* Resources */,
				ADEBF471C15160FDC8D010EC /* [CP] Embed Pods Frameworks */,
			);
			buildRules = (
			);
			dependencies = (
			);
			name = "Quiz-Me";
			productName = "Quiz-Me";
			productReference = B31A6ADE26DD7F90001AE48A /* Quiz-Me.app */;
			productType = "com.apple.product-type.application";
		};
/* End PBXNativeTarget section */

/* Begin PBXProject section */
		B31A6AD626DD7F8F001AE48A /* Project object */ = {
			isa = PBXProject;
			attributes = {
				LastSwiftUpdateCheck = 1250;
				LastUpgradeCheck = 1250;
				TargetAttributes = {
					B31A6ADD26DD7F90001AE48A = {
						CreatedOnToolsVersion = 12.5.1;
					};
				};
			};
			buildConfigurationList = B31A6AD926DD7F90001AE48A /* Build configuration list for PBXProject "Quiz-Me" */;
			compatibilityVersion = "Xcode 9.3";
			developmentRegion = en;
			hasScannedForEncodings = 0;
			knownRegions = (
				en,
				Base,
			);
			mainGroup = B31A6AD526DD7F8F001AE48A;
			productRefGroup = B31A6ADF26DD7F90001AE48A /* Products */;
			projectDirPath = "";
			projectRoot = "";
			targets = (
				B31A6ADD26DD7F90001AE48A /* Quiz-Me */,
			);
		};
/* End PBXProject section */

/* Begin PBXResourcesBuildPhase section */
		B31A6ADC26DD7F90001AE48A /* Resources */ = {
			isa = PBXResourcesBuildPhase;
			buildActionMask = 2147483647;
			files = (
				B31A6AEE26DD7F91001AE48A /* LaunchScreen.storyboard in Resources */,
				B31A6AFE26DE84C0001AE48A /* GoogleService-Info.plist in Resources */,
				B31A6AEB26DD7F91001AE48A /* Assets.xcassets in Resources */,
				B31A6AE926DD7F90001AE48A /* Main.storyboard in Resources */,
			);
			runOnlyForDeploymentPostprocessing = 0;
		};
/* End PBXResourcesBuildPhase section */

/* Begin PBXShellScriptBuildPhase section */
		702A7C49A4660AA51B7543BA /* [CP] Check Pods Manifest.lock */ = {
			isa = PBXShellScriptBuildPhase;
			buildActionMask = 2147483647;
			files = (
			);
			inputFileListPaths = (
			);
			inputPaths = (
				"${PODS_PODFILE_DIR_PATH}/Podfile.lock",
				"${PODS_ROOT}/Manifest.lock",
			);
			name = "[CP] Check Pods Manifest.lock";
			outputFileListPaths = (
			);
			outputPaths = (
				"$(DERIVED_FILE_DIR)/Pods-Quiz-Me-checkManifestLockResult.txt",
			);
			runOnlyForDeploymentPostprocessing = 0;
			shellPath = /bin/sh;
			shellScript = "diff \"${PODS_PODFILE_DIR_PATH}/Podfile.lock\" \"${PODS_ROOT}/Manifest.lock\" > /dev/null\nif [ $? != 0 ] ; then\n    # print error to STDERR\n    echo \"error: The sandbox is not in sync with the Podfile.lock. Run 'pod install' or update your CocoaPods installation.\" >&2\n    exit 1\nfi\n# This output is used by Xcode 'outputs' to avoid re-running this script phase.\necho \"SUCCESS\" > \"${SCRIPT_OUTPUT_FILE_0}\"\n";
			showEnvVarsInLog = 0;
		};
		ADEBF471C15160FDC8D010EC /* [CP] Embed Pods Frameworks */ = {
			isa = PBXShellScriptBuildPhase;
			buildActionMask = 2147483647;
			files = (
			);
			inputFileListPaths = (
				"${PODS_ROOT}/Target Support Files/Pods-Quiz-Me/Pods-Quiz-Me-frameworks-${CONFIGURATION}-input-files.xcfilelist",
			);
			name = "[CP] Embed Pods Frameworks";
			outputFileListPaths = (
				"${PODS_ROOT}/Target Support Files/Pods-Quiz-Me/Pods-Quiz-Me-frameworks-${CONFIGURATION}-output-files.xcfilelist",
			);
			runOnlyForDeploymentPostprocessing = 0;
			shellPath = /bin/sh;
			shellScript = "\"${PODS_ROOT}/Target Support Files/Pods-Quiz-Me/Pods-Quiz-Me-frameworks.sh\"\n";
			showEnvVarsInLog = 0;
		};
/* End PBXShellScriptBuildPhase section */

/* Begin PBXSourcesBuildPhase section */
		B31A6ADA26DD7F90001AE48A /* Sources */ = {
			isa = PBXSourcesBuildPhase;
			buildActionMask = 2147483647;
			files = (
				B3127CB826F4E9C9006EE202 /* CreateScreenViewController.swift in Sources */,
				B31A6AE626DD7F90001AE48A /* ViewController.swift in Sources */,
				B31A6AF826DD8902001AE48A /* QuizViewController.swift in Sources */,
				B31A6AE226DD7F90001AE48A /* AppDelegate.swift in Sources */,
				B31A6AFC26DDA39A001AE48A /* ResultsViewController.swift in Sources */,
				B308FC8A26DE9402003F27C9 /* SignInViewController.swift in Sources */,
				B31A6AF626DD8311001AE48A /* BrowseViewController.swift in Sources */,
				B308FC8C26DEA0D3003F27C9 /* SignUpViewController.swift in Sources */,
				B31A6AFA26DD9BB4001AE48A /* QuizQuestionController.swift in Sources */,
				B31A6AE426DD7F90001AE48A /* SceneDelegate.swift in Sources */,
			);
			runOnlyForDeploymentPostprocessing = 0;
		};
/* End PBXSourcesBuildPhase section */

/* Begin PBXVariantGroup section */
		B31A6AE726DD7F90001AE48A /* Main.storyboard */ = {
			isa = PBXVariantGroup;
			children = (
				B31A6AE826DD7F90001AE48A /* Base */,
			);
			name = Main.storyboard;
			sourceTree = "<group>";
		};
		B31A6AEC26DD7F91001AE48A /* LaunchScreen.storyboard */ = {
			isa = PBXVariantGroup;
			children = (
				B31A6AED26DD7F91001AE48A /* Base */,
			);
			name = LaunchScreen.storyboard;
			sourceTree = "<group>";
		};
/* End PBXVariantGroup section */

/* Begin XCBuildConfiguration section */
		B31A6AF026DD7F91001AE48A /* Debug */ = {
			isa = XCBuildConfiguration;
			buildSettings = {
				ALWAYS_SEARCH_USER_PATHS = NO;
				CLANG_ANALYZER_NONNULL = YES;
				CLANG_ANALYZER_NUMBER_OBJECT_CONVERSION = YES_AGGRESSIVE;
				CLANG_CXX_LANGUAGE_STANDARD = "gnu++14";
				CLANG_CXX_LIBRARY = "libc++";
				CLANG_ENABLE_MODULES = YES;
				CLANG_ENABLE_OBJC_ARC = YES;
				CLANG_ENABLE_OBJC_WEAK = YES;
				CLANG_WARN_BLOCK_CAPTURE_AUTORELEASING = YES;
				CLANG_WARN_BOOL_CONVERSION = YES;
				CLANG_WARN_COMMA = YES;
				CLANG_WARN_CONSTANT_CONVERSION = YES;
				CLANG_WARN_DEPRECATED_OBJC_IMPLEMENTATIONS = YES;
				CLANG_WARN_DIRECT_OBJC_ISA_USAGE = YES_ERROR;
				CLANG_WARN_DOCUMENTATION_COMMENTS = YES;
				CLANG_WARN_EMPTY_BODY = YES;
				CLANG_WARN_ENUM_CONVERSION = YES;
				CLANG_WARN_INFINITE_RECURSION = YES;
				CLANG_WARN_INT_CONVERSION = YES;
				CLANG_WARN_NON_LITERAL_NULL_CONVERSION = YES;
				CLANG_WARN_OBJC_IMPLICIT_RETAIN_SELF = YES;
				CLANG_WARN_OBJC_LITERAL_CONVERSION = YES;
				CLANG_WARN_OBJC_ROOT_CLASS = YES_ERROR;
				CLANG_WARN_QUOTED_INCLUDE_IN_FRAMEWORK_HEADER = YES;
				CLANG_WARN_RANGE_LOOP_ANALYSIS = YES;
				CLANG_WARN_STRICT_PROTOTYPES = YES;
				CLANG_WARN_SUSPICIOUS_MOVE = YES;
				CLANG_WARN_UNGUARDED_AVAILABILITY = YES_AGGRESSIVE;
				CLANG_WARN_UNREACHABLE_CODE = YES;
				CLANG_WARN__DUPLICATE_METHOD_MATCH = YES;
				COPY_PHASE_STRIP = NO;
				DEBUG_INFORMATION_FORMAT = dwarf;
				ENABLE_STRICT_OBJC_MSGSEND = YES;
				ENABLE_TESTABILITY = YES;
				GCC_C_LANGUAGE_STANDARD = gnu11;
				GCC_DYNAMIC_NO_PIC = NO;
				GCC_NO_COMMON_BLOCKS = YES;
				GCC_OPTIMIZATION_LEVEL = 0;
				GCC_PREPROCESSOR_DEFINITIONS = (
					"DEBUG=1",
					"$(inherited)",
				);
				GCC_WARN_64_TO_32_BIT_CONVERSION = YES;
				GCC_WARN_ABOUT_RETURN_TYPE = YES_ERROR;
				GCC_WARN_UNDECLARED_SELECTOR = YES;
				GCC_WARN_UNINITIALIZED_AUTOS = YES_AGGRESSIVE;
				GCC_WARN_UNUSED_FUNCTION = YES;
				GCC_WARN_UNUSED_VARIABLE = YES;
				IPHONEOS_DEPLOYMENT_TARGET = 14.5;
				MTL_ENABLE_DEBUG_INFO = INCLUDE_SOURCE;
				MTL_FAST_MATH = YES;
				ONLY_ACTIVE_ARCH = YES;
				SDKROOT = iphoneos;
				SWIFT_ACTIVE_COMPILATION_CONDITIONS = DEBUG;
				SWIFT_OPTIMIZATION_LEVEL = "-Onone";
			};
			name = Debug;
		};
		B31A6AF126DD7F91001AE48A /* Release */ = {
			isa = XCBuildConfiguration;
			buildSettings = {
				ALWAYS_SEARCH_USER_PATHS = NO;
				CLANG_ANALYZER_NONNULL = YES;
				CLANG_ANALYZER_NUMBER_OBJECT_CONVERSION = YES_AGGRESSIVE;
				CLANG_CXX_LANGUAGE_STANDARD = "gnu++14";
				CLANG_CXX_LIBRARY = "libc++";
				CLANG_ENABLE_MODULES = YES;
				CLANG_ENABLE_OBJC_ARC = YES;
				CLANG_ENABLE_OBJC_WEAK = YES;
				CLANG_WARN_BLOCK_CAPTURE_AUTORELEASING = YES;
				CLANG_WARN_BOOL_CONVERSION = YES;
				CLANG_WARN_COMMA = YES;
				CLANG_WARN_CONSTANT_CONVERSION = YES;
				CLANG_WARN_DEPRECATED_OBJC_IMPLEMENTATIONS = YES;
				CLANG_WARN_DIRECT_OBJC_ISA_USAGE = YES_ERROR;
				CLANG_WARN_DOCUMENTATION_COMMENTS = YES;
				CLANG_WARN_EMPTY_BODY = YES;
				CLANG_WARN_ENUM_CONVERSION = YES;
				CLANG_WARN_INFINITE_RECURSION = YES;
				CLANG_WARN_INT_CONVERSION = YES;
				CLANG_WARN_NON_LITERAL_NULL_CONVERSION = YES;
				CLANG_WARN_OBJC_IMPLICIT_RETAIN_SELF = YES;
				CLANG_WARN_OBJC_LITERAL_CONVERSION = YES;
				CLANG_WARN_OBJC_ROOT_CLASS = YES_ERROR;
				CLANG_WARN_QUOTED_INCLUDE_IN_FRAMEWORK_HEADER = YES;
				CLANG_WARN_RANGE_LOOP_ANALYSIS = YES;
				CLANG_WARN_STRICT_PROTOTYPES = YES;
				CLANG_WARN_SUSPICIOUS_MOVE = YES;
				CLANG_WARN_UNGUARDED_AVAILABILITY = YES_AGGRESSIVE;
				CLANG_WARN_UNREACHABLE_CODE = YES;
				CLANG_WARN__DUPLICATE_METHOD_MATCH = YES;
				COPY_PHASE_STRIP = NO;
				DEBUG_INFORMATION_FORMAT = "dwarf-with-dsym";
				ENABLE_NS_ASSERTIONS = NO;
				ENABLE_STRICT_OBJC_MSGSEND = YES;
				GCC_C_LANGUAGE_STANDARD = gnu11;
				GCC_NO_COMMON_BLOCKS = YES;
				GCC_WARN_64_TO_32_BIT_CONVERSION = YES;
				GCC_WARN_ABOUT_RETURN_TYPE = YES_ERROR;
				GCC_WARN_UNDECLARED_SELECTOR = YES;
				GCC_WARN_UNINITIALIZED_AUTOS = YES_AGGRESSIVE;
				GCC_WARN_UNUSED_FUNCTION = YES;
				GCC_WARN_UNUSED_VARIABLE = YES;
				IPHONEOS_DEPLOYMENT_TARGET = 14.5;
				MTL_ENABLE_DEBUG_INFO = NO;
				MTL_FAST_MATH = YES;
				SDKROOT = iphoneos;
				SWIFT_COMPILATION_MODE = wholemodule;
				SWIFT_OPTIMIZATION_LEVEL = "-O";
				VALIDATE_PRODUCT = YES;
			};
			name = Release;
		};
		B31A6AF326DD7F91001AE48A /* Debug */ = {
			isa = XCBuildConfiguration;
			baseConfigurationReference = B02F6FF8AFE7B1917E4AF3E3 /* Pods-Quiz-Me.debug.xcconfig */;
			buildSettings = {
				ASSETCATALOG_COMPILER_APPICON_NAME = AppIcon;
				ASSETCATALOG_COMPILER_GLOBAL_ACCENT_COLOR_NAME = AccentColor;
				CODE_SIGN_STYLE = Automatic;
				DEVELOPMENT_TEAM = CMADG2L3X7;
				INFOPLIST_FILE = "Quiz-Me/Info.plist";
				LD_RUNPATH_SEARCH_PATHS = (
					"$(inherited)",
					"@executable_path/Frameworks",
				);
				PRODUCT_BUNDLE_IDENTIFIER = "Futures-Lab.Quiz-Me";
				PRODUCT_NAME = "$(TARGET_NAME)";
				SWIFT_VERSION = 5.0;
				TARGETED_DEVICE_FAMILY = "1,2";
				VALIDATE_WORKSPACE = YES;
			};
			name = Debug;
		};
		B31A6AF426DD7F91001AE48A /* Release */ = {
			isa = XCBuildConfiguration;
			baseConfigurationReference = 55D32C324D65FBF72CE8EACD /* Pods-Quiz-Me.release.xcconfig */;
			buildSettings = {
				ASSETCATALOG_COMPILER_APPICON_NAME = AppIcon;
				ASSETCATALOG_COMPILER_GLOBAL_ACCENT_COLOR_NAME = AccentColor;
				CODE_SIGN_STYLE = Automatic;
				DEVELOPMENT_TEAM = CMADG2L3X7;
				"EXCLUDED_ARCHS[sdk=*]" = arm64;
				INFOPLIST_FILE = "Quiz-Me/Info.plist";
				LD_RUNPATH_SEARCH_PATHS = (
					"$(inherited)",
					"@executable_path/Frameworks",
				);
				PRODUCT_BUNDLE_IDENTIFIER = "Futures-Lab.Quiz-Me";
				PRODUCT_NAME = "$(TARGET_NAME)";
				SWIFT_VERSION = 5.0;
				TARGETED_DEVICE_FAMILY = "1,2";
				VALIDATE_WORKSPACE = YES;
			};
			name = Release;
		};
/* End XCBuildConfiguration section */

/* Begin XCConfigurationList section */
		B31A6AD926DD7F90001AE48A /* Build configuration list for PBXProject "Quiz-Me" */ = {
			isa = XCConfigurationList;
			buildConfigurations = (
				B31A6AF026DD7F91001AE48A /* Debug */,
				B31A6AF126DD7F91001AE48A /* Release */,
			);
			defaultConfigurationIsVisible = 0;
			defaultConfigurationName = Release;
		};
		B31A6AF226DD7F91001AE48A /* Build configuration list for PBXNativeTarget "Quiz-Me" */ = {
			isa = XCConfigurationList;
			buildConfigurations = (
				B31A6AF326DD7F91001AE48A /* Debug */,
				B31A6AF426DD7F91001AE48A /* Release */,
			);
			defaultConfigurationIsVisible = 0;
			defaultConfigurationName = Release;
		};
/* End XCConfigurationList section */
	};
	rootObject = B31A6AD626DD7F8F001AE48A /* Project object */;
}
